{
  "version": 4,
  "terraform_version": "1.9.2",
  "serial": 164,
  "lineage": "fe5e3195-f945-2b71-d116-9f6bd10d061d",
  "outputs": {},
  "resources": [
    {
      "mode": "data",
      "type": "aws_acm_certificate",
      "name": "ssl_certificate",
      "provider": "provider[\"registry.terraform.io/hashicorp/aws\"]",
      "instances": [
        {
          "schema_version": 0,
          "attributes": {
            "arn": "arn:aws:acm:ap-south-1:730335267178:certificate/4b3b7281-ded4-4997-894b-e76a39027ca3",
            "certificate": "-----BEGIN CERTIFICATE-----\nMIIFvjCCBKagAwIBAgIQCC5M0QcaffUysFsiMRoz1zANBgkqhkiG9w0BAQsFADA8\nMQswCQYDVQQGEwJVUzEPMA0GA1UEChMGQW1hem9uMRwwGgYDVQQDExNBbWF6b24g\nUlNBIDIwNDggTTAyMB4XDTI0MDkyNTAwMDAwMFoXDTI1MTAyNDIzNTk1OVowFTET\nMBEGA1UEAxMKc2tlbGVyLnh5ejCCASIwDQYJKoZIhvcNAQEBBQADggEPADCCAQoC\nggEBAKBGNCuGiuD4SYbeVB2+QqJrR8NQAmilo3KibrGuvjFPut3ViQxFx5dn7slh\npcqkNumvhYwuG9PS16fGmH0ZaymYd41DKpXuOmZgiWGezdcAQb8HnkHbM3UFRTmT\n4wED5wV05Tyl5WgIXdxp06fGB7VKsIhsrNygiSVjQVSKp8FNydL2SP/1m1ovnWID\n07wadMBEnEHWw4aNi1al6w63/7vudt/h4L0M50UL6yDsfpmJg0J31L9I2AdiKN1W\ngI/hC614NywtbUeiWRTtmxPAcSs5PTZZ4K9hHNdrMlhe+iK+ok6QuunhVNZAAGEt\n+eA7GDn3KdyNEsGEqxuRc6W+0SkCAwEAAaOCAuEwggLdMB8GA1UdIwQYMBaAFMAx\nUs1aUMOCfHRxzsvpnPl664LiMB0GA1UdDgQWBBRiEjMDUCxePQ3lwANWBaoSmY7F\nTjAVBgNVHREEDjAMggpza2VsZXIueHl6MBMGA1UdIAQMMAowCAYGZ4EMAQIBMA4G\nA1UdDwEB/wQEAwIFoDAdBgNVHSUEFjAUBggrBgEFBQcDAQYIKwYBBQUHAwIwOwYD\nVR0fBDQwMjAwoC6gLIYqaHR0cDovL2NybC5yMm0wMi5hbWF6b250cnVzdC5jb20v\ncjJtMDIuY3JsMHUGCCsGAQUFBwEBBGkwZzAtBggrBgEFBQcwAYYhaHR0cDovL29j\nc3AucjJtMDIuYW1hem9udHJ1c3QuY29tMDYGCCsGAQUFBzAChipodHRwOi8vY3J0\nLnIybTAyLmFtYXpvbnRydXN0LmNvbS9yMm0wMi5jZXIwDAYDVR0TAQH/BAIwADCC\nAXwGCisGAQQB1nkCBAIEggFsBIIBaAFmAHUAEvFONL1TckyEBhnDjz96E/jntWKH\niJxtMAWE6+WGJjoAAAGSKKJ1XgAABAMARjBEAiAGJ3FsAZWA3XP2WiMsx3JPzzPQ\nwOPJUU11FOMkCMk3rwIgcpAojqCpTxvTrj2hN1HjHEmrZ1T646vBnBFoKvpBATYA\ndQB9WR4S4XgqexxhZ3xe/fjQh1wUoE6VnrkDL9kOjC55uAAAAZIoonUFAAAEAwBG\nMEQCIGc3GqU0oFDHZcndqXzmupvtC9kpwOGRklHRO2HvI373AiAa+XqtThsTDb2J\n94O4hQkLzWLcS9JISFQfv0TiFN/cJQB2AObSMWNAd4zBEEEG13G5zsHSQPaWhIb7\nuocyHf0eN45QAAABkiiidPsAAAQDAEcwRQIhAKw58SjGgR1t5xXEgET5aFIfacC8\nRkWrVgx5NPnWvneAAiBSIDzKeg/XDUymO7R7C78lbAa91WNSKS1aQJbLMnqyHjAN\nBgkqhkiG9w0BAQsFAAOCAQEAEKiP4R7zA5QFiyjWjsId4MzP+t4XPWBJJx+m1RLj\nYY4oa544Iie7igIKMeGJTxo6zr8DSxqsNmCPSu7ThtYPHDYXrgTbK56EgxeNDhMy\ntxIWpYsNUEU0LN+PBHcWtiwrjVSkXiHtyx3dBTuvWOB/x3KpKIiTSBL5Tq/6hIFM\n03AWZIagfyy8fDqfUr37BPF1xXtpAdAm/I5pk2CnVMrXKqVWS9COsmw9ufeiExHZ\nUtcxQy6DhX37ZjsLOQYWkMKZq1fOhZnRm5QL6ozJ/fqL6IWMdb0Q1MWjKMCehTYX\nrJx+s9Bdj7qeBVnLkewyYEjNwbevneNSJmsNMJVMqLwAeQ==\n-----END CERTIFICATE-----\n",
            "certificate_chain": "-----BEGIN CERTIFICATE-----\nMIIEXjCCA0agAwIBAgITB3MSSkvL1E7HtTvq8ZSELToPoTANBgkqhkiG9w0BAQsF\nADA5MQswCQYDVQQGEwJVUzEPMA0GA1UEChMGQW1hem9uMRkwFwYDVQQDExBBbWF6\nb24gUm9vdCBDQSAxMB4XDTIyMDgyMzIyMjUzMFoXDTMwMDgyMzIyMjUzMFowPDEL\nMAkGA1UEBhMCVVMxDzANBgNVBAoTBkFtYXpvbjEcMBoGA1UEAxMTQW1hem9uIFJT\nQSAyMDQ4IE0wMjCCASIwDQYJKoZIhvcNAQEBBQADggEPADCCAQoCggEBALtDGMZa\nqHneKei1by6+pUPPLljTB143Si6VpEWPc6mSkFhZb/6qrkZyoHlQLbDYnI2D7hD0\nsdzEqfnuAjIsuXQLG3A8TvX6V3oFNBFVe8NlLJHvBseKY88saLwufxkZVwk74g4n\nWlNMXzla9Y5F3wwRHwMVH443xGz6UtGSZSqQ94eFx5X7Tlqt8whi8qCaKdZ5rNak\n+r9nUThOeClqFd4oXych//Rc7Y0eX1KNWHYSI1Nk31mYgiK3JvH063g+K9tHA63Z\neTgKgndlh+WI+zv7i44HepRZjA1FYwYZ9Vv/9UkC5Yz8/yU65fgjaE+wVHM4e/Yy\nC2osrPWE7gJ+dXMCAwEAAaOCAVowggFWMBIGA1UdEwEB/wQIMAYBAf8CAQAwDgYD\nVR0PAQH/BAQDAgGGMB0GA1UdJQQWMBQGCCsGAQUFBwMBBggrBgEFBQcDAjAdBgNV\nHQ4EFgQUwDFSzVpQw4J8dHHOy+mc+XrrguIwHwYDVR0jBBgwFoAUhBjMhTTsvAyU\nlC4IWZzHshBOCggwewYIKwYBBQUHAQEEbzBtMC8GCCsGAQUFBzABhiNodHRwOi8v\nb2NzcC5yb290Y2ExLmFtYXpvbnRydXN0LmNvbTA6BggrBgEFBQcwAoYuaHR0cDov\nL2NydC5yb290Y2ExLmFtYXpvbnRydXN0LmNvbS9yb290Y2ExLmNlcjA/BgNVHR8E\nODA2MDSgMqAwhi5odHRwOi8vY3JsLnJvb3RjYTEuYW1hem9udHJ1c3QuY29tL3Jv\nb3RjYTEuY3JsMBMGA1UdIAQMMAowCAYGZ4EMAQIBMA0GCSqGSIb3DQEBCwUAA4IB\nAQAtTi6Fs0Azfi+iwm7jrz+CSxHH+uHl7Law3MQSXVtR8RV53PtR6r/6gNpqlzdo\nZq4FKbADi1v9Bun8RY8D51uedRfjsbeodizeBB8nXmeyD33Ep7VATj4ozcd31YFV\nfgRhvTSxNrrTlNpWkUk0m3BMPv8sg381HhA6uEYokE5q9uws/3YkKqRiEz3TsaWm\nJqIRZhMbgAfp7O7FUwFIb7UIspogZSKxPIWJpxiPo3TcBambbVtQOcNRWz5qCQdD\nslI2yayq0n2TXoHyNCLEH8rpsJRVILFsg0jc7BaFrMnF462+ajSehgj12IidNeRN\n4zl+EoNaWdpnWndvSpAEkq2P\n-----END CERTIFICATE-----\n-----BEGIN CERTIFICATE-----\nMIIEkjCCA3qgAwIBAgITBn+USionzfP6wq4rAfkI7rnExjANBgkqhkiG9w0BAQsF\nADCBmDELMAkGA1UEBhMCVVMxEDAOBgNVBAgTB0FyaXpvbmExEzARBgNVBAcTClNj\nb3R0c2RhbGUxJTAjBgNVBAoTHFN0YXJmaWVsZCBUZWNobm9sb2dpZXMsIEluYy4x\nOzA5BgNVBAMTMlN0YXJmaWVsZCBTZXJ2aWNlcyBSb290IENlcnRpZmljYXRlIEF1\ndGhvcml0eSAtIEcyMB4XDTE1MDUyNTEyMDAwMFoXDTM3MTIzMTAxMDAwMFowOTEL\nMAkGA1UEBhMCVVMxDzANBgNVBAoTBkFtYXpvbjEZMBcGA1UEAxMQQW1hem9uIFJv\nb3QgQ0EgMTCCASIwDQYJKoZIhvcNAQEBBQADggEPADCCAQoCggEBALJ4gHHKeNXj\nca9HgFB0fW7Y14h29Jlo91ghYPl0hAEvrAIthtOgQ3pOsqTQNroBvo3bSMgHFzZM\n9O6II8c+6zf1tRn4SWiw3te5djgdYZ6k/oI2peVKVuRF4fn9tBb6dNqcmzU5L/qw\nIFAGbHrQgLKm+a/sRxmPUDgH3KKHOVj4utWp+UhnMJbulHheb4mjUcAwhmahRWa6\nVOujw5H5SNz/0egwLX0tdHA114gk957EWW67c4cX8jJGKLhD+rcdqsq08p8kDi1L\n93FcXmn/6pUCyziKrlA4b9v7LWIbxcceVOF34GfID5yHI9Y/QCB/IIDEgEw+OyQm\njgSubJrIqg0CAwEAAaOCATEwggEtMA8GA1UdEwEB/wQFMAMBAf8wDgYDVR0PAQH/\nBAQDAgGGMB0GA1UdDgQWBBSEGMyFNOy8DJSULghZnMeyEE4KCDAfBgNVHSMEGDAW\ngBScXwDfqgHXMCs4iKK4bUqc8hGRgzB4BggrBgEFBQcBAQRsMGowLgYIKwYBBQUH\nMAGGImh0dHA6Ly9vY3NwLnJvb3RnMi5hbWF6b250cnVzdC5jb20wOAYIKwYBBQUH\nMAKGLGh0dHA6Ly9jcnQucm9vdGcyLmFtYXpvbnRydXN0LmNvbS9yb290ZzIuY2Vy\nMD0GA1UdHwQ2MDQwMqAwoC6GLGh0dHA6Ly9jcmwucm9vdGcyLmFtYXpvbnRydXN0\nLmNvbS9yb290ZzIuY3JsMBEGA1UdIAQKMAgwBgYEVR0gADANBgkqhkiG9w0BAQsF\nAAOCAQEAYjdCXLwQtT6LLOkMm2xF4gcAevnFWAu5CIw+7bMlPLVvUOTNNWqnkzSW\nMiGpSESrnO09tKpzbeR/FoCJbM8oAxiDR3mjEH4wW6w7sGDgd9QIpuEdfF7Au/ma\neyKdpwAJfqxGF4PcnCZXmTA5YpaP7dreqsXMGz7KQ2hsVxa81Q4gLv7/wmpdLqBK\nbRRYh5TmOTFffHPLkIhqhBGWJ6bt2YFGpn6jcgAKUj6DiAdjd4lpFw85hdKrCEVN\n0FE6/V1dN2RMfjCyVSRCnTawXZwXgWHxyvkQAiSr6w10kY17RSlQOYiypok1JR4U\nakcjMS9cmvqtmg5iUaQqqcT5NJ0hGA==\n-----END CERTIFICATE-----\n",
            "domain": "skeler.xyz",
            "id": "arn:aws:acm:ap-south-1:730335267178:certificate/4b3b7281-ded4-4997-894b-e76a39027ca3",
            "key_types": null,
            "most_recent": false,
            "status": "ISSUED",
            "statuses": [
              "ISSUED"
            ],
            "tags": {},
            "types": null
          },
          "sensitive_attributes": []
        }
      ]
    },
    {
      "mode": "data",
      "type": "aws_availability_zones",
      "name": "available",
      "provider": "provider[\"registry.terraform.io/hashicorp/aws\"]",
      "instances": [
        {
          "schema_version": 0,
          "attributes": {
            "all_availability_zones": null,
            "exclude_names": null,
            "exclude_zone_ids": null,
            "filter": null,
            "group_names": [
              "ap-south-1"
            ],
            "id": "ap-south-1",
            "names": [
              "ap-south-1a",
              "ap-south-1b",
              "ap-south-1c"
            ],
            "state": "available",
            "timeouts": null,
            "zone_ids": [
              "aps1-az1",
              "aps1-az3",
              "aps1-az2"
            ]
          },
          "sensitive_attributes": []
        }
      ]
    },
    {
      "mode": "data",
      "type": "aws_caller_identity",
      "name": "current",
      "provider": "provider[\"registry.terraform.io/hashicorp/aws\"]",
      "instances": [
        {
          "schema_version": 0,
          "attributes": {
            "account_id": "730335267178",
            "arn": "arn:aws:iam::730335267178:user/Atharv-IAM",
            "id": "730335267178",
            "user_id": "AIDA2UC27ZFVPTXLB666L"
          },
          "sensitive_attributes": []
        }
      ]
    },
    {
      "mode": "data",
      "type": "aws_route53_zone",
      "name": "zone",
      "provider": "provider[\"registry.terraform.io/hashicorp/aws\"]",
      "instances": [
        {
          "schema_version": 0,
          "attributes": {
            "arn": "arn:aws:route53:::hostedzone/Z04415622BBPVNV0CBE7G",
            "caller_reference": "5c255ca7-bf77-4a05-9218-a238946373fd",
            "comment": "",
            "id": "Z04415622BBPVNV0CBE7G",
            "linked_service_description": null,
            "linked_service_principal": null,
            "name": "skeler.xyz",
            "name_servers": [
              "ns-1462.awsdns-54.org",
              "ns-1622.awsdns-10.co.uk",
              "ns-400.awsdns-50.com",
              "ns-823.awsdns-38.net"
            ],
            "primary_name_server": "ns-1462.awsdns-54.org",
            "private_zone": false,
            "resource_record_set_count": 4,
            "tags": {},
            "vpc_id": null,
            "zone_id": "Z04415622BBPVNV0CBE7G"
          },
          "sensitive_attributes": []
        }
      ]
    },
    {
      "mode": "managed",
      "type": "aws_api_gateway_base_path_mapping",
      "name": "path_mapping",
      "provider": "provider[\"registry.terraform.io/hashicorp/aws\"]",
      "instances": [
        {
          "schema_version": 0,
          "attributes": {
            "api_id": "z865443l8f",
            "base_path": "",
            "domain_name": "skeler.xyz",
            "id": "skeler.xyz/",
            "stage_name": "dev"
          },
          "sensitive_attributes": [],
          "private": "bnVsbA==",
          "dependencies": [
            "aws_api_gateway_deployment.my_api_gateway_deployment",
            "aws_api_gateway_domain_name.domain",
            "aws_api_gateway_rest_api.api_gateway",
            "data.aws_acm_certificate.ssl_certificate"
          ]
        }
      ]
    },
    {
      "mode": "managed",
      "type": "aws_api_gateway_deployment",
      "name": "my_api_gateway_deployment",
      "provider": "provider[\"registry.terraform.io/hashicorp/aws\"]",
      "instances": [
        {
          "schema_version": 0,
          "attributes": {
            "canary_settings": [],
            "created_date": "2024-09-25T10:10:11Z",
            "description": "",
            "execution_arn": "arn:aws:execute-api:ap-south-1:730335267178:z865443l8f/dev",
            "id": "s6um7o",
            "invoke_url": "https://z865443l8f.execute-api.ap-south-1.amazonaws.com/dev",
            "rest_api_id": "z865443l8f",
            "stage_description": null,
            "stage_name": "dev",
            "triggers": {
              "redeployment": "2be88ca4242c76e8253ac62474851065032d6833"
            },
            "variables": null
          },
          "sensitive_attributes": [],
          "private": "bnVsbA==",
          "dependencies": [
            "aws_api_gateway_rest_api.api_gateway"
          ],
          "create_before_destroy": true
        }
      ]
    },
    {
      "mode": "managed",
      "type": "aws_api_gateway_domain_name",
      "name": "domain",
      "provider": "provider[\"registry.terraform.io/hashicorp/aws\"]",
      "instances": [
        {
          "schema_version": 0,
          "attributes": {
            "arn": "arn:aws:apigateway:ap-south-1::/domainnames/skeler.xyz",
            "certificate_arn": "",
            "certificate_body": null,
            "certificate_chain": null,
            "certificate_name": "",
            "certificate_private_key": null,
            "certificate_upload_date": "2024-09-25T10:04:03Z",
            "cloudfront_domain_name": "",
            "cloudfront_zone_id": "Z2FDTNDATAQYW2",
            "domain_name": "skeler.xyz",
            "endpoint_configuration": [
              {
                "types": [
                  "REGIONAL"
                ]
              }
            ],
            "id": "skeler.xyz",
            "mutual_tls_authentication": [],
            "ownership_verification_certificate_arn": "",
            "regional_certificate_arn": "arn:aws:acm:ap-south-1:730335267178:certificate/4b3b7281-ded4-4997-894b-e76a39027ca3",
            "regional_certificate_name": "",
            "regional_domain_name": "d-awlou1zhyc.execute-api.ap-south-1.amazonaws.com",
            "regional_zone_id": "Z3VO1THU9YC4UR",
            "security_policy": "TLS_1_2",
            "tags": {},
            "tags_all": {}
          },
          "sensitive_attributes": [
            [
              {
                "type": "get_attr",
                "value": "certificate_private_key"
              }
            ]
          ],
          "private": "bnVsbA==",
          "dependencies": [
            "data.aws_acm_certificate.ssl_certificate"
          ]
        }
      ]
    },
    {
      "mode": "managed",
      "type": "aws_api_gateway_integration",
      "name": "healthz_integration",
      "provider": "provider[\"registry.terraform.io/hashicorp/aws\"]",
      "instances": [
        {
          "schema_version": 0,
          "attributes": {
            "cache_key_parameters": [],
            "cache_namespace": "bpvvjl",
            "connection_id": "",
            "connection_type": "INTERNET",
            "content_handling": "",
            "credentials": "",
            "http_method": "GET",
            "id": "agi-z865443l8f-bpvvjl-GET",
            "integration_http_method": "POST",
            "passthrough_behavior": "WHEN_NO_MATCH",
            "request_parameters": {},
            "request_templates": {},
            "resource_id": "bpvvjl",
            "rest_api_id": "z865443l8f",
            "timeout_milliseconds": 29000,
            "tls_config": [],
            "type": "AWS_PROXY",
            "uri": "arn:aws:apigateway:ap-south-1:lambda:path/2015-03-31/functions/arn:aws:lambda:ap-south-1:730335267178:function:serverless-api/invocations"
          },
          "sensitive_attributes": [],
          "private": "bnVsbA==",
          "dependencies": [
            "aws_api_gateway_method.healthz",
            "aws_api_gateway_resource.healthz",
            "aws_api_gateway_rest_api.api_gateway",
            "aws_db_subnet_group.private_subnet_db_group",
            "aws_iam_role.lambda_iam_role",
            "aws_kms_key.aurora_key",
            "aws_lambda_function.api_lambda",
            "aws_rds_cluster.aurora_cluster",
            "aws_s3_bucket.s3_bucket",
            "aws_security_group.aurora_db_sg",
            "aws_security_group.lambda_sg",
            "aws_subnet.private-subnets",
            "aws_vpc.serverless_vpc",
            "data.aws_availability_zones.available"
          ]
        }
      ]
    },
    {
      "mode": "managed",
      "type": "aws_api_gateway_integration",
      "name": "post_user_integration",
      "provider": "provider[\"registry.terraform.io/hashicorp/aws\"]",
      "instances": [
        {
          "schema_version": 0,
          "attributes": {
            "cache_key_parameters": [],
            "cache_namespace": "suluqd",
            "connection_id": "",
            "connection_type": "INTERNET",
            "content_handling": "",
            "credentials": "",
            "http_method": "POST",
            "id": "agi-z865443l8f-suluqd-POST",
            "integration_http_method": "POST",
            "passthrough_behavior": "WHEN_NO_MATCH",
            "request_parameters": {},
            "request_templates": {},
            "resource_id": "suluqd",
            "rest_api_id": "z865443l8f",
            "timeout_milliseconds": 29000,
            "tls_config": [],
            "type": "AWS_PROXY",
            "uri": "arn:aws:apigateway:ap-south-1:lambda:path/2015-03-31/functions/arn:aws:lambda:ap-south-1:730335267178:function:serverless-api/invocations"
          },
          "sensitive_attributes": [],
          "private": "bnVsbA==",
          "dependencies": [
            "aws_api_gateway_method.post_user",
            "aws_api_gateway_resource.post_user",
            "aws_api_gateway_rest_api.api_gateway",
            "aws_db_subnet_group.private_subnet_db_group",
            "aws_iam_role.lambda_iam_role",
            "aws_kms_key.aurora_key",
            "aws_lambda_function.api_lambda",
            "aws_rds_cluster.aurora_cluster",
            "aws_s3_bucket.s3_bucket",
            "aws_security_group.aurora_db_sg",
            "aws_security_group.lambda_sg",
            "aws_subnet.private-subnets",
            "aws_vpc.serverless_vpc",
            "data.aws_availability_zones.available"
          ]
        }
      ]
    },
    {
      "mode": "managed",
      "type": "aws_api_gateway_method",
      "name": "healthz",
      "provider": "provider[\"registry.terraform.io/hashicorp/aws\"]",
      "instances": [
        {
          "schema_version": 0,
          "attributes": {
            "api_key_required": false,
            "authorization": "NONE",
            "authorization_scopes": [],
            "authorizer_id": "",
            "http_method": "GET",
            "id": "agm-z865443l8f-bpvvjl-GET",
            "operation_name": "",
            "request_models": {},
            "request_parameters": {},
            "request_validator_id": "",
            "resource_id": "bpvvjl",
            "rest_api_id": "z865443l8f"
          },
          "sensitive_attributes": [],
          "private": "bnVsbA==",
          "dependencies": [
            "aws_api_gateway_resource.healthz",
            "aws_api_gateway_rest_api.api_gateway"
          ]
        }
      ]
    },
    {
      "mode": "managed",
      "type": "aws_api_gateway_method",
      "name": "post_user",
      "provider": "provider[\"registry.terraform.io/hashicorp/aws\"]",
      "instances": [
        {
          "schema_version": 0,
          "attributes": {
            "api_key_required": false,
            "authorization": "NONE",
            "authorization_scopes": [],
            "authorizer_id": "",
            "http_method": "POST",
            "id": "agm-z865443l8f-suluqd-POST",
            "operation_name": "",
            "request_models": {},
            "request_parameters": {},
            "request_validator_id": "",
            "resource_id": "suluqd",
            "rest_api_id": "z865443l8f"
          },
          "sensitive_attributes": [],
          "private": "bnVsbA==",
          "dependencies": [
            "aws_api_gateway_resource.post_user",
            "aws_api_gateway_rest_api.api_gateway"
          ]
        }
      ]
    },
    {
      "mode": "managed",
      "type": "aws_api_gateway_resource",
      "name": "healthz",
      "provider": "provider[\"registry.terraform.io/hashicorp/aws\"]",
      "instances": [
        {
          "schema_version": 0,
          "attributes": {
            "id": "bpvvjl",
            "parent_id": "tplh20u5n0",
            "path": "/healthz",
            "path_part": "healthz",
            "rest_api_id": "z865443l8f"
          },
          "sensitive_attributes": [],
          "private": "bnVsbA==",
          "dependencies": [
            "aws_api_gateway_rest_api.api_gateway"
          ]
        }
      ]
    },
    {
      "mode": "managed",
      "type": "aws_api_gateway_resource",
      "name": "post_user",
      "provider": "provider[\"registry.terraform.io/hashicorp/aws\"]",
      "instances": [
        {
          "schema_version": 0,
          "attributes": {
            "id": "suluqd",
            "parent_id": "tplh20u5n0",
            "path": "/user",
            "path_part": "user",
            "rest_api_id": "z865443l8f"
          },
          "sensitive_attributes": [],
          "private": "bnVsbA==",
          "dependencies": [
            "aws_api_gateway_rest_api.api_gateway"
          ]
        }
      ]
    },
    {
      "mode": "managed",
      "type": "aws_api_gateway_resource",
      "name": "user",
      "provider": "provider[\"registry.terraform.io/hashicorp/aws\"]",
      "instances": [
        {
          "schema_version": 0,
          "attributes": {
            "id": "erggee",
            "parent_id": "suluqd",
            "path": "/user/{userId+}",
            "path_part": "{userId+}",
            "rest_api_id": "z865443l8f"
          },
          "sensitive_attributes": [],
          "private": "bnVsbA==",
          "dependencies": [
            "aws_api_gateway_resource.post_user",
            "aws_api_gateway_rest_api.api_gateway"
          ]
        }
      ]
    },
    {
      "mode": "managed",
      "type": "aws_api_gateway_rest_api",
      "name": "api_gateway",
      "provider": "provider[\"registry.terraform.io/hashicorp/aws\"]",
      "instances": [
        {
          "schema_version": 0,
          "attributes": {
            "api_key_source": "HEADER",
            "arn": "arn:aws:apigateway:ap-south-1::/restapis/z865443l8f",
            "binary_media_types": [],
            "body": null,
            "created_date": "2024-09-25T10:04:02Z",
            "description": "Inventory Management API",
            "disable_execute_api_endpoint": false,
            "endpoint_configuration": [
              {
                "types": [
                  "REGIONAL"
                ],
                "vpc_endpoint_ids": []
              }
            ],
            "execution_arn": "arn:aws:execute-api:ap-south-1:730335267178:z865443l8f",
            "fail_on_warnings": null,
            "id": "z865443l8f",
            "minimum_compression_size": "",
            "name": "Inventory-Management-API",
            "parameters": null,
            "policy": "",
            "put_rest_api_mode": null,
            "root_resource_id": "tplh20u5n0",
            "tags": {},
            "tags_all": {}
          },
          "sensitive_attributes": [],
          "private": "bnVsbA==",
          "create_before_destroy": true
        }
      ]
    },
    {
      "mode": "managed",
      "type": "aws_db_subnet_group",
      "name": "private_subnet_db_group",
      "provider": "provider[\"registry.terraform.io/hashicorp/aws\"]",
      "instances": [
        {
          "schema_version": 0,
          "attributes": {
            "arn": "arn:aws:rds:ap-south-1:730335267178:subgrp:starkserverless-private-subnet-db-group",
            "description": "Managed by Terraform",
            "id": "starkserverless-private-subnet-db-group",
            "name": "starkserverless-private-subnet-db-group",
            "name_prefix": "",
            "subnet_ids": [
              "subnet-04d8f4f8ba424ab02",
              "subnet-0d4832bff51e6109f",
              "subnet-0e16a6762210ca4cc",
              "subnet-0e358120c94ad1123"
            ],
            "supported_network_types": [
              "IPV4"
            ],
            "tags": {},
            "tags_all": {},
            "vpc_id": "vpc-0c34b8c554f5c5f55"
          },
          "sensitive_attributes": [],
          "private": "bnVsbA==",
          "dependencies": [
            "aws_subnet.private-subnets",
            "aws_vpc.serverless_vpc",
            "data.aws_availability_zones.available"
          ]
        }
      ]
    },
    {
      "mode": "managed",
      "type": "aws_iam_policy",
      "name": "aurora_policy",
      "provider": "provider[\"registry.terraform.io/hashicorp/aws\"]",
      "instances": [
        {
          "schema_version": 0,
          "attributes": {
            "arn": "arn:aws:iam::730335267178:policy/starkserverless-aurora-policy",
            "attachment_count": 1,
            "description": "Policy for allowing aurora connect",
            "id": "arn:aws:iam::730335267178:policy/starkserverless-aurora-policy",
            "name": "starkserverless-aurora-policy",
            "name_prefix": "",
            "path": "/",
            "policy": "{\"Statement\":[{\"Action\":[\"rds-db:connect\"],\"Effect\":\"Allow\",\"Resource\":[\"arn:aws:rds:ap-south-1:730335267178:dbuser:serverless-cluster/admin\"]}],\"Version\":\"2012-10-17\"}",
            "policy_id": "ANPA2UC27ZFVALQKJTHIB",
            "tags": {},
            "tags_all": {}
          },
          "sensitive_attributes": [],
          "private": "bnVsbA==",
          "dependencies": [
            "aws_db_subnet_group.private_subnet_db_group",
            "aws_kms_key.aurora_key",
            "aws_rds_cluster.aurora_cluster",
            "aws_security_group.aurora_db_sg",
            "aws_security_group.lambda_sg",
            "aws_subnet.private-subnets",
            "aws_vpc.serverless_vpc",
            "data.aws_availability_zones.available",
            "data.aws_caller_identity.current"
          ]
        }
      ]
    },
    {
      "mode": "managed",
      "type": "aws_iam_policy",
      "name": "lambda_eni_policy",
      "provider": "provider[\"registry.terraform.io/hashicorp/aws\"]",
      "instances": [
        {
          "schema_version": 0,
          "attributes": {
            "arn": "arn:aws:iam::730335267178:policy/starkserverless-lambda-eni-policy",
            "attachment_count": 1,
            "description": "Policy for allowing lambda to create eni",
            "id": "arn:aws:iam::730335267178:policy/starkserverless-lambda-eni-policy",
            "name": "starkserverless-lambda-eni-policy",
            "name_prefix": "",
            "path": "/",
            "policy": "{\"Statement\":[{\"Action\":[\"ec2:CreateNetworkInterface\",\"ec2:DescribeNetworkInterfaces\",\"ec2:DeleteNetworkInterface\"],\"Effect\":\"Allow\",\"Resource\":\"*\"}],\"Version\":\"2012-10-17\"}",
            "policy_id": "ANPA2UC27ZFVOU7SRFJ3P",
            "tags": {},
            "tags_all": {}
          },
          "sensitive_attributes": [],
          "private": "bnVsbA=="
        }
      ]
    },
    {
      "mode": "managed",
      "type": "aws_iam_policy",
      "name": "lambda_secrets_manager_key_policy",
      "provider": "provider[\"registry.terraform.io/hashicorp/aws\"]",
      "instances": [
        {
          "schema_version": 0,
          "attributes": {
            "arn": "arn:aws:iam::730335267178:policy/starkserverless-lambda-secrets-manager-policy",
            "attachment_count": 1,
            "description": "Policy for allowing lambda to access secrets manager value and kms key",
            "id": "arn:aws:iam::730335267178:policy/starkserverless-lambda-secrets-manager-policy",
            "name": "starkserverless-lambda-secrets-manager-policy",
            "name_prefix": "",
            "path": "/",
            "policy": "{\"Statement\":[{\"Action\":[\"secretsmanager:GetSecretValue\"],\"Effect\":\"Allow\",\"Resource\":\"arn:aws:secretsmanager:ap-south-1:730335267178:secret:rds!cluster-d4f5e5b4-6a58-4a85-a665-996e59d4177b-PLrM9r\"},{\"Action\":[\"kms:Decrypt\"],\"Effect\":\"Allow\",\"Resource\":\"arn:aws:kms:ap-south-1:730335267178:key/da9a8769-2513-40c6-a92e-6801b30c562a\"}],\"Version\":\"2012-10-17\"}",
            "policy_id": "ANPA2UC27ZFVJB45L5QKC",
            "tags": {},
            "tags_all": {}
          },
          "sensitive_attributes": [],
          "private": "bnVsbA==",
          "dependencies": [
            "aws_db_subnet_group.private_subnet_db_group",
            "aws_kms_key.aurora_key",
            "aws_rds_cluster.aurora_cluster",
            "aws_security_group.aurora_db_sg",
            "aws_security_group.lambda_sg",
            "aws_subnet.private-subnets",
            "aws_vpc.serverless_vpc",
            "data.aws_availability_zones.available"
          ]
        }
      ]
    },
    {
      "mode": "managed",
      "type": "aws_iam_policy",
      "name": "s3_bucket_policy",
      "provider": "provider[\"registry.terraform.io/hashicorp/aws\"]",
      "instances": [
        {
          "schema_version": 0,
          "attributes": {
            "arn": "arn:aws:iam::730335267178:policy/starkserverless-s3-bucket-policy",
            "attachment_count": 1,
            "description": "Policy for accessing s3 bucket",
            "id": "arn:aws:iam::730335267178:policy/starkserverless-s3-bucket-policy",
            "name": "starkserverless-s3-bucket-policy",
            "name_prefix": "",
            "path": "/",
            "policy": "{\"Statement\":[{\"Action\":[\"s3:GetObject\",\"s3:PutObject\",\"s3:DeleteObject\"],\"Effect\":\"Allow\",\"Resource\":[\"arn:aws:s3:::starkserverless-custom-serverless-bucket\",\"arn:aws:s3:::starkserverless-custom-serverless-bucket/*\"]}],\"Version\":\"2012-10-17\"}",
            "policy_id": "ANPA2UC27ZFVEKQ2CWHVK",
            "tags": {},
            "tags_all": {}
          },
          "sensitive_attributes": [],
          "private": "bnVsbA==",
          "dependencies": [
            "aws_s3_bucket.s3_bucket"
          ]
        }
      ]
    },
    {
      "mode": "managed",
      "type": "aws_iam_policy_attachment",
      "name": "lambda_basic_policy_attachment",
      "provider": "provider[\"registry.terraform.io/hashicorp/aws\"]",
      "instances": [
        {
          "schema_version": 0,
          "attributes": {
            "groups": [],
            "id": "starkserverless-lambda-basic-policy-attachment",
            "name": "starkserverless-lambda-basic-policy-attachment",
            "policy_arn": "arn:aws:iam::aws:policy/service-role/AWSLambdaBasicExecutionRole",
            "roles": [
              "starkserverless-lambda-role"
            ],
            "users": []
          },
          "sensitive_attributes": [],
          "private": "bnVsbA==",
          "dependencies": [
            "aws_iam_role.lambda_iam_role"
          ]
        }
      ]
    },
    {
      "mode": "managed",
      "type": "aws_iam_policy_attachment",
      "name": "lambda_role_policies_attachment",
      "provider": "provider[\"registry.terraform.io/hashicorp/aws\"]",
      "instances": [
        {
          "index_key": "aurora",
          "schema_version": 0,
          "attributes": {
            "groups": [],
            "id": "starkserverless-lambda-role-policies-attachment",
            "name": "starkserverless-lambda-role-policies-attachment",
            "policy_arn": "arn:aws:iam::730335267178:policy/starkserverless-aurora-policy",
            "roles": [
              "starkserverless-lambda-role"
            ],
            "users": []
          },
          "sensitive_attributes": [],
          "private": "bnVsbA==",
          "dependencies": [
            "aws_db_subnet_group.private_subnet_db_group",
            "aws_iam_policy.aurora_policy",
            "aws_iam_policy.lambda_eni_policy",
            "aws_iam_policy.lambda_secrets_manager_key_policy",
            "aws_iam_policy.s3_bucket_policy",
            "aws_iam_role.lambda_iam_role",
            "aws_kms_key.aurora_key",
            "aws_rds_cluster.aurora_cluster",
            "aws_s3_bucket.s3_bucket",
            "aws_security_group.aurora_db_sg",
            "aws_security_group.lambda_sg",
            "aws_subnet.private-subnets",
            "aws_vpc.serverless_vpc",
            "data.aws_availability_zones.available",
            "data.aws_caller_identity.current"
          ]
        },
        {
          "index_key": "eni",
          "schema_version": 0,
          "attributes": {
            "groups": [],
            "id": "starkserverless-lambda-role-policies-attachment",
            "name": "starkserverless-lambda-role-policies-attachment",
            "policy_arn": "arn:aws:iam::730335267178:policy/starkserverless-lambda-eni-policy",
            "roles": [
              "starkserverless-lambda-role"
            ],
            "users": []
          },
          "sensitive_attributes": [],
          "private": "bnVsbA==",
          "dependencies": [
            "aws_db_subnet_group.private_subnet_db_group",
            "aws_iam_policy.aurora_policy",
            "aws_iam_policy.lambda_eni_policy",
            "aws_iam_policy.lambda_secrets_manager_key_policy",
            "aws_iam_policy.s3_bucket_policy",
            "aws_iam_role.lambda_iam_role",
            "aws_kms_key.aurora_key",
            "aws_rds_cluster.aurora_cluster",
            "aws_s3_bucket.s3_bucket",
            "aws_security_group.aurora_db_sg",
            "aws_security_group.lambda_sg",
            "aws_subnet.private-subnets",
            "aws_vpc.serverless_vpc",
            "data.aws_availability_zones.available",
            "data.aws_caller_identity.current"
          ]
        },
        {
          "index_key": "s3",
          "schema_version": 0,
          "attributes": {
            "groups": [],
            "id": "starkserverless-lambda-role-policies-attachment",
            "name": "starkserverless-lambda-role-policies-attachment",
            "policy_arn": "arn:aws:iam::730335267178:policy/starkserverless-s3-bucket-policy",
            "roles": [
              "starkserverless-lambda-role"
            ],
            "users": []
          },
          "sensitive_attributes": [],
          "private": "bnVsbA==",
          "dependencies": [
            "aws_db_subnet_group.private_subnet_db_group",
            "aws_iam_policy.aurora_policy",
            "aws_iam_policy.lambda_eni_policy",
            "aws_iam_policy.lambda_secrets_manager_key_policy",
            "aws_iam_policy.s3_bucket_policy",
            "aws_iam_role.lambda_iam_role",
            "aws_kms_key.aurora_key",
            "aws_rds_cluster.aurora_cluster",
            "aws_s3_bucket.s3_bucket",
            "aws_security_group.aurora_db_sg",
            "aws_security_group.lambda_sg",
            "aws_subnet.private-subnets",
            "aws_vpc.serverless_vpc",
            "data.aws_availability_zones.available",
            "data.aws_caller_identity.current"
          ]
        },
        {
          "index_key": "secrets",
          "schema_version": 0,
          "attributes": {
            "groups": [],
            "id": "starkserverless-lambda-role-policies-attachment",
            "name": "starkserverless-lambda-role-policies-attachment",
            "policy_arn": "arn:aws:iam::730335267178:policy/starkserverless-lambda-secrets-manager-policy",
            "roles": [
              "starkserverless-lambda-role"
            ],
            "users": []
          },
          "sensitive_attributes": [],
          "private": "bnVsbA==",
          "dependencies": [
            "aws_db_subnet_group.private_subnet_db_group",
            "aws_iam_policy.aurora_policy",
            "aws_iam_policy.lambda_eni_policy",
            "aws_iam_policy.lambda_secrets_manager_key_policy",
            "aws_iam_policy.s3_bucket_policy",
            "aws_iam_role.lambda_iam_role",
            "aws_kms_key.aurora_key",
            "aws_rds_cluster.aurora_cluster",
            "aws_s3_bucket.s3_bucket",
            "aws_security_group.aurora_db_sg",
            "aws_security_group.lambda_sg",
            "aws_subnet.private-subnets",
            "aws_vpc.serverless_vpc",
            "data.aws_availability_zones.available",
            "data.aws_caller_identity.current"
          ]
        }
      ]
    },
    {
      "mode": "managed",
      "type": "aws_iam_role",
      "name": "lambda_iam_role",
      "provider": "provider[\"registry.terraform.io/hashicorp/aws\"]",
      "instances": [
        {
          "schema_version": 0,
          "attributes": {
            "arn": "arn:aws:iam::730335267178:role/starkserverless-lambda-role",
            "assume_role_policy": "{\"Statement\":[{\"Action\":\"sts:AssumeRole\",\"Effect\":\"Allow\",\"Principal\":{\"Service\":\"lambda.amazonaws.com\"}}],\"Version\":\"2012-10-17\"}",
            "create_date": "2024-09-25T10:04:03Z",
            "description": "",
            "force_detach_policies": false,
            "id": "starkserverless-lambda-role",
            "inline_policy": [],
            "managed_policy_arns": [
              "arn:aws:iam::730335267178:policy/starkserverless-aurora-policy",
              "arn:aws:iam::730335267178:policy/starkserverless-lambda-eni-policy",
              "arn:aws:iam::730335267178:policy/starkserverless-lambda-secrets-manager-policy",
              "arn:aws:iam::730335267178:policy/starkserverless-s3-bucket-policy",
              "arn:aws:iam::aws:policy/service-role/AWSLambdaBasicExecutionRole"
            ],
            "max_session_duration": 3600,
            "name": "starkserverless-lambda-role",
            "name_prefix": "",
            "path": "/",
            "permissions_boundary": "",
            "tags": {},
            "tags_all": {},
            "unique_id": "AROA2UC27ZFVID3HSBHFJ"
          },
          "sensitive_attributes": [],
          "private": "bnVsbA=="
        }
      ]
    },
    {
      "mode": "managed",
      "type": "aws_kms_key",
      "name": "aurora_key",
      "provider": "provider[\"registry.terraform.io/hashicorp/aws\"]",
      "instances": [
        {
          "schema_version": 0,
          "attributes": {
            "arn": "arn:aws:kms:ap-south-1:730335267178:key/da9a8769-2513-40c6-a92e-6801b30c562a",
            "bypass_policy_lockout_safety_check": false,
            "custom_key_store_id": "",
            "customer_master_key_spec": "SYMMETRIC_DEFAULT",
            "deletion_window_in_days": null,
            "description": "Key for aurora encryption",
            "enable_key_rotation": false,
            "id": "da9a8769-2513-40c6-a92e-6801b30c562a",
            "is_enabled": true,
            "key_id": "da9a8769-2513-40c6-a92e-6801b30c562a",
            "key_usage": "ENCRYPT_DECRYPT",
            "multi_region": false,
            "policy": "{\"Id\":\"key-default-1\",\"Statement\":[{\"Action\":\"kms:*\",\"Effect\":\"Allow\",\"Principal\":{\"AWS\":\"arn:aws:iam::730335267178:root\"},\"Resource\":\"*\",\"Sid\":\"Enable IAM User Permissions\"}],\"Version\":\"2012-10-17\"}",
            "rotation_period_in_days": 0,
            "tags": {},
            "tags_all": {},
            "timeouts": null,
            "xks_key_id": ""
          },
          "sensitive_attributes": [],
          "private": "eyJlMmJmYjczMC1lY2FhLTExZTYtOGY4OC0zNDM2M2JjN2M0YzAiOnsiY3JlYXRlIjoxMjAwMDAwMDAwMDB9fQ=="
        }
      ]
    },
    {
      "mode": "managed",
      "type": "aws_lambda_function",
      "name": "api_lambda",
      "provider": "provider[\"registry.terraform.io/hashicorp/aws\"]",
      "instances": [
        {
          "schema_version": 0,
          "attributes": {
            "architectures": [
              "x86_64"
            ],
            "arn": "arn:aws:lambda:ap-south-1:730335267178:function:serverless-api",
            "code_sha256": "HIck+0pnxFLjDA3mYyCDI39kI2wtX5djLdxRX7ERKdU=",
            "code_signing_config_arn": "",
            "dead_letter_config": [],
            "description": "",
            "environment": [
              {
                "variables": {
                  "DATABASE": "WebAppDB",
                  "ENVIRONMENT": "lambda",
                  "HOST": "serverless-cluster.cluster-czcwq4s60356.ap-south-1.rds.amazonaws.com",
                  "REGION": "ap-south-1",
                  "S3_BUCKET": "starkserverless-custom-serverless-bucket",
                  "SECRET_ID": "arn:aws:secretsmanager:ap-south-1:730335267178:secret:rds!cluster-d4f5e5b4-6a58-4a85-a665-996e59d4177b-PLrM9r"
                }
              }
            ],
            "ephemeral_storage": [
              {
                "size": 512
              }
            ],
            "file_system_config": [],
            "filename": "serverless-api.zip",
            "function_name": "serverless-api",
            "handler": "index.handler",
            "id": "serverless-api",
            "image_config": [],
            "image_uri": "",
            "invoke_arn": "arn:aws:apigateway:ap-south-1:lambda:path/2015-03-31/functions/arn:aws:lambda:ap-south-1:730335267178:function:serverless-api/invocations",
            "kms_key_arn": "",
            "last_modified": "2024-09-25T11:23:31.073+0000",
            "layers": null,
            "logging_config": [
              {
                "application_log_level": "",
                "log_format": "Text",
                "log_group": "/aws/lambda/serverless-api",
                "system_log_level": ""
              }
            ],
            "memory_size": 128,
            "package_type": "Zip",
            "publish": false,
            "qualified_arn": "arn:aws:lambda:ap-south-1:730335267178:function:serverless-api:$LATEST",
            "qualified_invoke_arn": "arn:aws:apigateway:ap-south-1:lambda:path/2015-03-31/functions/arn:aws:lambda:ap-south-1:730335267178:function:serverless-api:$LATEST/invocations",
            "replace_security_groups_on_destroy": null,
            "replacement_security_group_ids": null,
            "reserved_concurrent_executions": -1,
            "role": "arn:aws:iam::730335267178:role/starkserverless-lambda-role",
            "runtime": "nodejs16.x",
            "s3_bucket": null,
            "s3_key": null,
            "s3_object_version": null,
            "signing_job_arn": "",
            "signing_profile_version_arn": "",
            "skip_destroy": false,
            "snap_start": [],
            "source_code_hash": "",
            "source_code_size": 37324079,
            "tags": null,
            "tags_all": {},
            "timeout": 30,
            "timeouts": null,
            "tracing_config": [
              {
                "mode": "PassThrough"
              }
            ],
            "version": "$LATEST",
            "vpc_config": [
              {
                "ipv6_allowed_for_dual_stack": false,
                "security_group_ids": [
                  "sg-046db75a352bf7956"
                ],
                "subnet_ids": [
                  "subnet-04d8f4f8ba424ab02",
                  "subnet-0d4832bff51e6109f",
                  "subnet-0e16a6762210ca4cc",
                  "subnet-0e358120c94ad1123"
                ],
                "vpc_id": "vpc-0c34b8c554f5c5f55"
              }
            ]
          },
          "sensitive_attributes": [],
          "private": "eyJlMmJmYjczMC1lY2FhLTExZTYtOGY4OC0zNDM2M2JjN2M0YzAiOnsiY3JlYXRlIjo2MDAwMDAwMDAwMDAsImRlbGV0ZSI6NjAwMDAwMDAwMDAwLCJ1cGRhdGUiOjYwMDAwMDAwMDAwMH19",
          "dependencies": [
            "aws_db_subnet_group.private_subnet_db_group",
            "aws_iam_role.lambda_iam_role",
            "aws_kms_key.aurora_key",
            "aws_rds_cluster.aurora_cluster",
            "aws_s3_bucket.s3_bucket",
            "aws_security_group.aurora_db_sg",
            "aws_security_group.lambda_sg",
            "aws_subnet.private-subnets",
            "aws_vpc.serverless_vpc",
            "data.aws_availability_zones.available"
          ]
        }
      ]
    },
    {
      "mode": "managed",
      "type": "aws_lambda_permission",
      "name": "api_lambda_permission",
      "provider": "provider[\"registry.terraform.io/hashicorp/aws\"]",
      "instances": [
        {
          "schema_version": 0,
          "attributes": {
            "action": "lambda:InvokeFunction",
            "event_source_token": null,
            "function_name": "serverless-api",
            "function_url_auth_type": null,
            "id": "AllowExecutionFromAPIGateway",
            "principal": "apigateway.amazonaws.com",
            "principal_org_id": null,
            "qualifier": "",
            "source_account": null,
            "source_arn": "arn:aws:execute-api:ap-south-1:730335267178:z865443l8f/*/*",
            "statement_id": "AllowExecutionFromAPIGateway",
            "statement_id_prefix": ""
          },
          "sensitive_attributes": [],
          "private": "bnVsbA==",
          "dependencies": [
            "aws_api_gateway_rest_api.api_gateway",
            "aws_db_subnet_group.private_subnet_db_group",
            "aws_iam_role.lambda_iam_role",
            "aws_kms_key.aurora_key",
            "aws_lambda_function.api_lambda",
            "aws_rds_cluster.aurora_cluster",
            "aws_s3_bucket.s3_bucket",
            "aws_security_group.aurora_db_sg",
            "aws_security_group.lambda_sg",
            "aws_subnet.private-subnets",
            "aws_vpc.serverless_vpc",
            "data.aws_availability_zones.available"
          ]
        }
      ]
    },
    {
      "mode": "managed",
      "type": "aws_rds_cluster",
      "name": "aurora_cluster",
      "provider": "provider[\"registry.terraform.io/hashicorp/aws\"]",
      "instances": [
        {
          "schema_version": 1,
          "attributes": {
            "allocated_storage": 1,
            "allow_major_version_upgrade": null,
            "apply_immediately": null,
            "arn": "arn:aws:rds:ap-south-1:730335267178:cluster:serverless-cluster",
            "availability_zones": [
              "ap-south-1a",
              "ap-south-1b",
              "ap-south-1c"
            ],
            "backtrack_window": 0,
            "backup_retention_period": 1,
            "ca_certificate_identifier": null,
            "ca_certificate_valid_till": null,
            "cluster_identifier": "serverless-cluster",
            "cluster_identifier_prefix": "",
            "cluster_members": [
              "tf-20240925100747951800000002"
            ],
            "cluster_resource_id": "cluster-JEF6SOFQQYNN763RMYK4XP5WWE",
            "copy_tags_to_snapshot": false,
            "database_name": "WebAppDB",
            "db_cluster_instance_class": "",
            "db_cluster_parameter_group_name": "default.aurora-mysql8.0",
            "db_instance_parameter_group_name": null,
            "db_subnet_group_name": "starkserverless-private-subnet-db-group",
            "db_system_id": "",
            "delete_automated_backups": true,
            "deletion_protection": false,
            "domain": "",
            "domain_iam_role_name": "",
            "enable_global_write_forwarding": false,
            "enable_http_endpoint": false,
            "enable_local_write_forwarding": false,
            "enabled_cloudwatch_logs_exports": [],
            "endpoint": "serverless-cluster.cluster-czcwq4s60356.ap-south-1.rds.amazonaws.com",
            "engine": "aurora-mysql",
            "engine_lifecycle_support": "",
            "engine_mode": "provisioned",
            "engine_version": "8.0.mysql_aurora.3.04.0",
            "engine_version_actual": "8.0.mysql_aurora.3.04.0",
            "final_snapshot_identifier": null,
            "global_cluster_identifier": "",
            "hosted_zone_id": "Z2VFMSZA74J7XZ",
            "iam_database_authentication_enabled": false,
            "iam_roles": [],
            "id": "serverless-cluster",
            "iops": 0,
            "kms_key_id": "arn:aws:kms:ap-south-1:730335267178:key/85400ac0-38f5-44fe-b687-ee17ae599143",
            "manage_master_user_password": true,
            "master_password": null,
            "master_user_secret": [
              {
                "kms_key_id": "arn:aws:kms:ap-south-1:730335267178:key/da9a8769-2513-40c6-a92e-6801b30c562a",
                "secret_arn": "arn:aws:secretsmanager:ap-south-1:730335267178:secret:rds!cluster-d4f5e5b4-6a58-4a85-a665-996e59d4177b-PLrM9r",
                "secret_status": "active"
              }
            ],
            "master_user_secret_kms_key_id": "da9a8769-2513-40c6-a92e-6801b30c562a",
            "master_username": "admin",
            "network_type": "IPV4",
            "performance_insights_enabled": false,
            "performance_insights_kms_key_id": "",
            "performance_insights_retention_period": 0,
            "port": 3306,
            "preferred_backup_window": "18:27-18:57",
            "preferred_maintenance_window": "fri:10:56-fri:11:26",
            "reader_endpoint": "serverless-cluster.cluster-ro-czcwq4s60356.ap-south-1.rds.amazonaws.com",
            "replication_source_identifier": "",
            "restore_to_point_in_time": [],
            "s3_import": [],
            "scaling_configuration": [],
            "serverlessv2_scaling_configuration": [
              {
                "max_capacity": 1,
                "min_capacity": 0.5
              }
            ],
            "skip_final_snapshot": true,
            "snapshot_identifier": null,
            "source_region": null,
            "storage_encrypted": true,
            "storage_type": "",
            "tags": {},
            "tags_all": {},
            "timeouts": null,
            "vpc_security_group_ids": [
              "sg-0fa874ee5238ade3f"
            ]
          },
          "sensitive_attributes": [
            [
              {
                "type": "get_attr",
                "value": "master_password"
              }
            ]
          ],
          "private": "eyJlMmJmYjczMC1lY2FhLTExZTYtOGY4OC0zNDM2M2JjN2M0YzAiOnsiY3JlYXRlIjo3MjAwMDAwMDAwMDAwLCJkZWxldGUiOjcyMDAwMDAwMDAwMDAsInVwZGF0ZSI6NzIwMDAwMDAwMDAwMH0sInNjaGVtYV92ZXJzaW9uIjoiMSJ9",
          "dependencies": [
            "aws_db_subnet_group.private_subnet_db_group",
            "aws_kms_key.aurora_key",
            "aws_security_group.aurora_db_sg",
            "aws_security_group.lambda_sg",
            "aws_subnet.private-subnets",
            "aws_vpc.serverless_vpc",
            "data.aws_availability_zones.available"
          ]
        }
      ]
    },
    {
      "mode": "managed",
      "type": "aws_rds_cluster_instance",
      "name": "aurora_instances",
      "provider": "provider[\"registry.terraform.io/hashicorp/aws\"]",
      "instances": [
        {
          "schema_version": 0,
          "attributes": {
            "apply_immediately": null,
            "arn": "arn:aws:rds:ap-south-1:730335267178:db:tf-20240925100747951800000002",
            "auto_minor_version_upgrade": true,
            "availability_zone": "ap-south-1c",
            "ca_cert_identifier": "rds-ca-rsa2048-g1",
            "cluster_identifier": "serverless-cluster",
            "copy_tags_to_snapshot": false,
            "custom_iam_instance_profile": "",
            "db_parameter_group_name": "default.aurora-mysql8.0",
            "db_subnet_group_name": "starkserverless-private-subnet-db-group",
            "dbi_resource_id": "db-5MUZNZ5FCGRSSNY3NNBNLERNDI",
            "endpoint": "tf-20240925100747951800000002.czcwq4s60356.ap-south-1.rds.amazonaws.com",
            "engine": "aurora-mysql",
            "engine_version": "8.0.mysql_aurora.3.04.0",
            "engine_version_actual": "8.0.mysql_aurora.3.04.0",
            "id": "tf-20240925100747951800000002",
            "identifier": "tf-20240925100747951800000002",
            "identifier_prefix": "tf-",
            "instance_class": "db.serverless",
            "kms_key_id": "arn:aws:kms:ap-south-1:730335267178:key/85400ac0-38f5-44fe-b687-ee17ae599143",
            "monitoring_interval": 0,
            "monitoring_role_arn": "",
            "network_type": "IPV4",
            "performance_insights_enabled": false,
            "performance_insights_kms_key_id": "",
            "performance_insights_retention_period": 0,
            "port": 3306,
            "preferred_backup_window": "18:27-18:57",
            "preferred_maintenance_window": "wed:10:03-wed:10:33",
            "promotion_tier": 0,
            "publicly_accessible": false,
            "storage_encrypted": true,
            "tags": {},
            "tags_all": {},
            "timeouts": null,
            "writer": true
          },
          "sensitive_attributes": [],
          "private": "eyJlMmJmYjczMC1lY2FhLTExZTYtOGY4OC0zNDM2M2JjN2M0YzAiOnsiY3JlYXRlIjo1NDAwMDAwMDAwMDAwLCJkZWxldGUiOjU0MDAwMDAwMDAwMDAsInVwZGF0ZSI6NTQwMDAwMDAwMDAwMH19",
          "dependencies": [
            "aws_db_subnet_group.private_subnet_db_group",
            "aws_kms_key.aurora_key",
            "aws_rds_cluster.aurora_cluster",
            "aws_security_group.aurora_db_sg",
            "aws_security_group.lambda_sg",
            "aws_subnet.private-subnets",
            "aws_vpc.serverless_vpc",
            "data.aws_availability_zones.available"
          ]
        }
      ]
    },
    {
      "mode": "managed",
      "type": "aws_route53_record",
      "name": "a_record",
      "provider": "provider[\"registry.terraform.io/hashicorp/aws\"]",
      "instances": [
        {
          "schema_version": 2,
          "attributes": {
            "alias": [
              {
                "evaluate_target_health": true,
                "name": "d-awlou1zhyc.execute-api.ap-south-1.amazonaws.com",
                "zone_id": "Z3VO1THU9YC4UR"
              }
            ],
            "allow_overwrite": null,
            "cidr_routing_policy": [],
            "failover_routing_policy": [],
            "fqdn": "skeler.xyz",
            "geolocation_routing_policy": [],
            "geoproximity_routing_policy": [],
            "health_check_id": "",
            "id": "Z04415622BBPVNV0CBE7G_skeler.xyz_A",
            "latency_routing_policy": [],
            "multivalue_answer_routing_policy": false,
            "name": "skeler.xyz",
            "records": [],
            "set_identifier": "",
            "ttl": 0,
            "type": "A",
            "weighted_routing_policy": [],
            "zone_id": "Z04415622BBPVNV0CBE7G"
          },
          "sensitive_attributes": [],
          "private": "eyJzY2hlbWFfdmVyc2lvbiI6IjIifQ==",
          "dependencies": [
            "aws_api_gateway_domain_name.domain",
            "data.aws_acm_certificate.ssl_certificate",
            "data.aws_route53_zone.zone"
          ]
        }
      ]
    },
    {
      "mode": "managed",
      "type": "aws_route_table",
      "name": "private_route_table",
      "provider": "provider[\"registry.terraform.io/hashicorp/aws\"]",
      "instances": [
        {
          "schema_version": 0,
          "attributes": {
            "arn": "arn:aws:ec2:ap-south-1:730335267178:route-table/rtb-093be0ba5538727aa",
            "id": "rtb-093be0ba5538727aa",
            "owner_id": "730335267178",
            "propagating_vgws": [],
            "route": [],
            "tags": {
              "Name": "starkserverless-private-route-table"
            },
            "tags_all": {
              "Name": "starkserverless-private-route-table"
            },
            "timeouts": null,
            "vpc_id": "vpc-0c34b8c554f5c5f55"
          },
          "sensitive_attributes": [],
          "private": "eyJlMmJmYjczMC1lY2FhLTExZTYtOGY4OC0zNDM2M2JjN2M0YzAiOnsiY3JlYXRlIjozMDAwMDAwMDAwMDAsImRlbGV0ZSI6MzAwMDAwMDAwMDAwLCJ1cGRhdGUiOjEyMDAwMDAwMDAwMH19",
          "dependencies": [
            "aws_vpc.serverless_vpc"
          ]
        }
      ]
    },
    {
      "mode": "managed",
      "type": "aws_route_table_association",
      "name": "private_route_table_subnet_association",
      "provider": "provider[\"registry.terraform.io/hashicorp/aws\"]",
      "instances": [
        {
          "index_key": 0,
          "schema_version": 0,
          "attributes": {
            "gateway_id": "",
            "id": "rtbassoc-09b78bebab5f8493f",
            "route_table_id": "rtb-093be0ba5538727aa",
            "subnet_id": "subnet-0e16a6762210ca4cc",
            "timeouts": null
          },
          "sensitive_attributes": [],
          "private": "eyJlMmJmYjczMC1lY2FhLTExZTYtOGY4OC0zNDM2M2JjN2M0YzAiOnsiY3JlYXRlIjozMDAwMDAwMDAwMDAsImRlbGV0ZSI6MzAwMDAwMDAwMDAwLCJ1cGRhdGUiOjEyMDAwMDAwMDAwMH19",
          "dependencies": [
            "aws_route_table.private_route_table",
            "aws_subnet.private-subnets",
            "aws_vpc.serverless_vpc",
            "data.aws_availability_zones.available"
          ]
        },
        {
          "index_key": 1,
          "schema_version": 0,
          "attributes": {
            "gateway_id": "",
            "id": "rtbassoc-0e061187a716dfed3",
            "route_table_id": "rtb-093be0ba5538727aa",
            "subnet_id": "subnet-04d8f4f8ba424ab02",
            "timeouts": null
          },
          "sensitive_attributes": [],
          "private": "eyJlMmJmYjczMC1lY2FhLTExZTYtOGY4OC0zNDM2M2JjN2M0YzAiOnsiY3JlYXRlIjozMDAwMDAwMDAwMDAsImRlbGV0ZSI6MzAwMDAwMDAwMDAwLCJ1cGRhdGUiOjEyMDAwMDAwMDAwMH19",
          "dependencies": [
            "aws_route_table.private_route_table",
            "aws_subnet.private-subnets",
            "aws_vpc.serverless_vpc",
            "data.aws_availability_zones.available"
          ]
        },
        {
          "index_key": 2,
          "schema_version": 0,
          "attributes": {
            "gateway_id": "",
            "id": "rtbassoc-0e221ff9c2639b6cc",
            "route_table_id": "rtb-093be0ba5538727aa",
            "subnet_id": "subnet-0e358120c94ad1123",
            "timeouts": null
          },
          "sensitive_attributes": [],
          "private": "eyJlMmJmYjczMC1lY2FhLTExZTYtOGY4OC0zNDM2M2JjN2M0YzAiOnsiY3JlYXRlIjozMDAwMDAwMDAwMDAsImRlbGV0ZSI6MzAwMDAwMDAwMDAwLCJ1cGRhdGUiOjEyMDAwMDAwMDAwMH19",
          "dependencies": [
            "aws_route_table.private_route_table",
            "aws_subnet.private-subnets",
            "aws_vpc.serverless_vpc",
            "data.aws_availability_zones.available"
          ]
        },
        {
          "index_key": 3,
          "schema_version": 0,
          "attributes": {
            "gateway_id": "",
            "id": "rtbassoc-05588fac2c23d0ce3",
            "route_table_id": "rtb-093be0ba5538727aa",
            "subnet_id": "subnet-0d4832bff51e6109f",
            "timeouts": null
          },
          "sensitive_attributes": [],
          "private": "eyJlMmJmYjczMC1lY2FhLTExZTYtOGY4OC0zNDM2M2JjN2M0YzAiOnsiY3JlYXRlIjozMDAwMDAwMDAwMDAsImRlbGV0ZSI6MzAwMDAwMDAwMDAwLCJ1cGRhdGUiOjEyMDAwMDAwMDAwMH19",
          "dependencies": [
            "aws_route_table.private_route_table",
            "aws_subnet.private-subnets",
            "aws_vpc.serverless_vpc",
            "data.aws_availability_zones.available"
          ]
        }
      ]
    },
    {
      "mode": "managed",
      "type": "aws_s3_bucket",
      "name": "s3_bucket",
      "provider": "provider[\"registry.terraform.io/hashicorp/aws\"]",
      "instances": [
        {
          "schema_version": 0,
          "attributes": {
            "acceleration_status": "",
            "acl": null,
            "arn": "arn:aws:s3:::starkserverless-custom-serverless-bucket",
            "bucket": "starkserverless-custom-serverless-bucket",
            "bucket_domain_name": "starkserverless-custom-serverless-bucket.s3.amazonaws.com",
            "bucket_prefix": "",
            "bucket_regional_domain_name": "starkserverless-custom-serverless-bucket.s3.ap-south-1.amazonaws.com",
            "cors_rule": [],
            "force_destroy": true,
            "grant": [
              {
                "id": "31098213824de0a8b6468a1c92e2313ed26b8389b781393f587c73fab0fb2b44",
                "permissions": [
                  "FULL_CONTROL"
                ],
                "type": "CanonicalUser",
                "uri": ""
              }
            ],
            "hosted_zone_id": "Z11RGJOFQNVJUP",
            "id": "starkserverless-custom-serverless-bucket",
            "lifecycle_rule": [],
            "logging": [],
            "object_lock_configuration": [],
            "object_lock_enabled": false,
            "policy": "",
            "region": "ap-south-1",
            "replication_configuration": [],
            "request_payer": "BucketOwner",
            "server_side_encryption_configuration": [
              {
                "rule": [
                  {
                    "apply_server_side_encryption_by_default": [
                      {
                        "kms_master_key_id": "",
                        "sse_algorithm": "AES256"
                      }
                    ],
                    "bucket_key_enabled": false
                  }
                ]
              }
            ],
            "tags": {},
            "tags_all": {},
            "timeouts": null,
            "versioning": [
              {
                "enabled": false,
                "mfa_delete": false
              }
            ],
            "website": [],
            "website_domain": null,
            "website_endpoint": null
          },
          "sensitive_attributes": [],
          "private": "eyJlMmJmYjczMC1lY2FhLTExZTYtOGY4OC0zNDM2M2JjN2M0YzAiOnsiY3JlYXRlIjoxMjAwMDAwMDAwMDAwLCJkZWxldGUiOjM2MDAwMDAwMDAwMDAsInJlYWQiOjEyMDAwMDAwMDAwMDAsInVwZGF0ZSI6MTIwMDAwMDAwMDAwMH19"
        }
      ]
    },
    {
      "mode": "managed",
      "type": "aws_s3_bucket_public_access_block",
      "name": "s3_block_access",
      "provider": "provider[\"registry.terraform.io/hashicorp/aws\"]",
      "instances": [
        {
          "schema_version": 0,
          "attributes": {
            "block_public_acls": true,
            "block_public_policy": true,
            "bucket": "starkserverless-custom-serverless-bucket",
            "id": "starkserverless-custom-serverless-bucket",
            "ignore_public_acls": true,
            "restrict_public_buckets": true
          },
          "sensitive_attributes": [],
          "private": "bnVsbA==",
          "dependencies": [
            "aws_s3_bucket.s3_bucket"
          ]
        }
      ]
    },
    {
      "mode": "managed",
      "type": "aws_s3_bucket_server_side_encryption_configuration",
      "name": "s3_bucket_encryption",
      "provider": "provider[\"registry.terraform.io/hashicorp/aws\"]",
      "instances": [
        {
          "schema_version": 0,
          "attributes": {
            "bucket": "starkserverless-custom-serverless-bucket",
            "expected_bucket_owner": "",
            "id": "starkserverless-custom-serverless-bucket",
            "rule": [
              {
                "apply_server_side_encryption_by_default": [
                  {
                    "kms_master_key_id": "",
                    "sse_algorithm": "AES256"
                  }
                ],
                "bucket_key_enabled": false
              }
            ]
          },
          "sensitive_attributes": [],
          "private": "bnVsbA==",
          "dependencies": [
            "aws_s3_bucket.s3_bucket"
          ]
        }
      ]
    },
    {
      "mode": "managed",
      "type": "aws_security_group",
      "name": "aurora_db_sg",
      "provider": "provider[\"registry.terraform.io/hashicorp/aws\"]",
      "instances": [
        {
          "schema_version": 1,
          "attributes": {
            "arn": "arn:aws:ec2:ap-south-1:730335267178:security-group/sg-0fa874ee5238ade3f",
            "description": "Security group for aurora db",
            "egress": [
              {
                "cidr_blocks": [
                  "0.0.0.0/0"
                ],
                "description": "",
                "from_port": 0,
                "ipv6_cidr_blocks": [],
                "prefix_list_ids": [],
                "protocol": "-1",
                "security_groups": [],
                "self": false,
                "to_port": 0
              }
            ],
            "id": "sg-0fa874ee5238ade3f",
            "ingress": [
              {
                "cidr_blocks": [],
                "description": "",
                "from_port": 0,
                "ipv6_cidr_blocks": [],
                "prefix_list_ids": [],
                "protocol": "-1",
                "security_groups": [
                  "sg-046db75a352bf7956"
                ],
                "self": false,
                "to_port": 0
              }
            ],
            "name": "starkserverless-aurora-db-sg",
            "name_prefix": "",
            "owner_id": "730335267178",
            "revoke_rules_on_delete": false,
            "tags": {
              "Name": "starkserverless-aurora-db-sg"
            },
            "tags_all": {
              "Name": "starkserverless-aurora-db-sg"
            },
            "timeouts": null,
            "vpc_id": "vpc-0c34b8c554f5c5f55"
          },
          "sensitive_attributes": [],
          "private": "eyJlMmJmYjczMC1lY2FhLTExZTYtOGY4OC0zNDM2M2JjN2M0YzAiOnsiY3JlYXRlIjo2MDAwMDAwMDAwMDAsImRlbGV0ZSI6OTAwMDAwMDAwMDAwfSwic2NoZW1hX3ZlcnNpb24iOiIxIn0=",
          "dependencies": [
            "aws_security_group.lambda_sg",
            "aws_vpc.serverless_vpc"
          ]
        }
      ]
    },
    {
      "mode": "managed",
      "type": "aws_security_group",
      "name": "lambda_sg",
      "provider": "provider[\"registry.terraform.io/hashicorp/aws\"]",
      "instances": [
        {
          "schema_version": 1,
          "attributes": {
            "arn": "arn:aws:ec2:ap-south-1:730335267178:security-group/sg-046db75a352bf7956",
            "description": "Security group for lambda function",
            "egress": [
              {
                "cidr_blocks": [
                  "0.0.0.0/0"
                ],
                "description": "",
                "from_port": 0,
                "ipv6_cidr_blocks": [],
                "prefix_list_ids": [],
                "protocol": "-1",
                "security_groups": [],
                "self": false,
                "to_port": 0
              }
            ],
            "id": "sg-046db75a352bf7956",
            "ingress": [],
            "name": "starkserverless-lambda-sg",
            "name_prefix": "",
            "owner_id": "730335267178",
            "revoke_rules_on_delete": false,
            "tags": {
              "Name": "starkserverless-lambda-sg"
            },
            "tags_all": {
              "Name": "starkserverless-lambda-sg"
            },
            "timeouts": null,
            "vpc_id": "vpc-0c34b8c554f5c5f55"
          },
          "sensitive_attributes": [],
          "private": "eyJlMmJmYjczMC1lY2FhLTExZTYtOGY4OC0zNDM2M2JjN2M0YzAiOnsiY3JlYXRlIjo2MDAwMDAwMDAwMDAsImRlbGV0ZSI6OTAwMDAwMDAwMDAwfSwic2NoZW1hX3ZlcnNpb24iOiIxIn0=",
          "dependencies": [
            "aws_vpc.serverless_vpc"
          ]
        }
      ]
    },
    {
      "mode": "managed",
      "type": "aws_security_group",
      "name": "secrets_manager_sg",
      "provider": "provider[\"registry.terraform.io/hashicorp/aws\"]",
      "instances": [
        {
          "schema_version": 1,
          "attributes": {
            "arn": "arn:aws:ec2:ap-south-1:730335267178:security-group/sg-03976922243ee6cdd",
            "description": "Security group for secrets manager endpoint",
            "egress": [
              {
                "cidr_blocks": [
                  "0.0.0.0/0"
                ],
                "description": "",
                "from_port": 0,
                "ipv6_cidr_blocks": [],
                "prefix_list_ids": [],
                "protocol": "-1",
                "security_groups": [],
                "self": false,
                "to_port": 0
              }
            ],
            "id": "sg-03976922243ee6cdd",
            "ingress": [
              {
                "cidr_blocks": [],
                "description": "",
                "from_port": 0,
                "ipv6_cidr_blocks": [],
                "prefix_list_ids": [],
                "protocol": "-1",
                "security_groups": [
                  "sg-046db75a352bf7956"
                ],
                "self": false,
                "to_port": 0
              }
            ],
            "name": "starkserverless-sm-endpoint-sg",
            "name_prefix": "",
            "owner_id": "730335267178",
            "revoke_rules_on_delete": false,
            "tags": {
              "Name": "starkserverless-sm-sg"
            },
            "tags_all": {
              "Name": "starkserverless-sm-sg"
            },
            "timeouts": null,
            "vpc_id": "vpc-0c34b8c554f5c5f55"
          },
          "sensitive_attributes": [],
          "private": "eyJlMmJmYjczMC1lY2FhLTExZTYtOGY4OC0zNDM2M2JjN2M0YzAiOnsiY3JlYXRlIjo2MDAwMDAwMDAwMDAsImRlbGV0ZSI6OTAwMDAwMDAwMDAwfSwic2NoZW1hX3ZlcnNpb24iOiIxIn0=",
          "dependencies": [
            "aws_security_group.lambda_sg",
            "aws_vpc.serverless_vpc"
          ]
        }
      ]
    },
    {
      "mode": "managed",
      "type": "aws_subnet",
      "name": "private-subnets",
      "provider": "provider[\"registry.terraform.io/hashicorp/aws\"]",
      "instances": [
        {
          "index_key": 0,
          "schema_version": 1,
          "attributes": {
            "arn": "arn:aws:ec2:ap-south-1:730335267178:subnet/subnet-0e16a6762210ca4cc",
            "assign_ipv6_address_on_creation": false,
            "availability_zone": "ap-south-1a",
            "availability_zone_id": "aps1-az1",
            "cidr_block": "10.0.16.0/20",
            "customer_owned_ipv4_pool": "",
            "enable_dns64": false,
            "enable_lni_at_device_index": 0,
            "enable_resource_name_dns_a_record_on_launch": false,
            "enable_resource_name_dns_aaaa_record_on_launch": false,
            "id": "subnet-0e16a6762210ca4cc",
            "ipv6_cidr_block": "",
            "ipv6_cidr_block_association_id": "",
            "ipv6_native": false,
            "map_customer_owned_ip_on_launch": false,
            "map_public_ip_on_launch": false,
            "outpost_arn": "",
            "owner_id": "730335267178",
            "private_dns_hostname_type_on_launch": "ip-name",
            "tags": {
              "Name": "vpc-0c34b8c554f5c5f55-PrivateSubnet-1"
            },
            "tags_all": {
              "Name": "vpc-0c34b8c554f5c5f55-PrivateSubnet-1"
            },
            "timeouts": null,
            "vpc_id": "vpc-0c34b8c554f5c5f55"
          },
          "sensitive_attributes": [],
          "private": "eyJlMmJmYjczMC1lY2FhLTExZTYtOGY4OC0zNDM2M2JjN2M0YzAiOnsiY3JlYXRlIjo2MDAwMDAwMDAwMDAsImRlbGV0ZSI6MTIwMDAwMDAwMDAwMH0sInNjaGVtYV92ZXJzaW9uIjoiMSJ9",
          "dependencies": [
            "aws_vpc.serverless_vpc",
            "data.aws_availability_zones.available"
          ]
        },
        {
          "index_key": 1,
          "schema_version": 1,
          "attributes": {
            "arn": "arn:aws:ec2:ap-south-1:730335267178:subnet/subnet-04d8f4f8ba424ab02",
            "assign_ipv6_address_on_creation": false,
            "availability_zone": "ap-south-1b",
            "availability_zone_id": "aps1-az3",
            "cidr_block": "10.0.32.0/20",
            "customer_owned_ipv4_pool": "",
            "enable_dns64": false,
            "enable_lni_at_device_index": 0,
            "enable_resource_name_dns_a_record_on_launch": false,
            "enable_resource_name_dns_aaaa_record_on_launch": false,
            "id": "subnet-04d8f4f8ba424ab02",
            "ipv6_cidr_block": "",
            "ipv6_cidr_block_association_id": "",
            "ipv6_native": false,
            "map_customer_owned_ip_on_launch": false,
            "map_public_ip_on_launch": false,
            "outpost_arn": "",
            "owner_id": "730335267178",
            "private_dns_hostname_type_on_launch": "ip-name",
            "tags": {
              "Name": "vpc-0c34b8c554f5c5f55-PrivateSubnet-2"
            },
            "tags_all": {
              "Name": "vpc-0c34b8c554f5c5f55-PrivateSubnet-2"
            },
            "timeouts": null,
            "vpc_id": "vpc-0c34b8c554f5c5f55"
          },
          "sensitive_attributes": [],
          "private": "eyJlMmJmYjczMC1lY2FhLTExZTYtOGY4OC0zNDM2M2JjN2M0YzAiOnsiY3JlYXRlIjo2MDAwMDAwMDAwMDAsImRlbGV0ZSI6MTIwMDAwMDAwMDAwMH0sInNjaGVtYV92ZXJzaW9uIjoiMSJ9",
          "dependencies": [
            "aws_vpc.serverless_vpc",
            "data.aws_availability_zones.available"
          ]
        },
        {
          "index_key": 2,
          "schema_version": 1,
          "attributes": {
            "arn": "arn:aws:ec2:ap-south-1:730335267178:subnet/subnet-0e358120c94ad1123",
            "assign_ipv6_address_on_creation": false,
            "availability_zone": "ap-south-1c",
            "availability_zone_id": "aps1-az2",
            "cidr_block": "10.0.48.0/20",
            "customer_owned_ipv4_pool": "",
            "enable_dns64": false,
            "enable_lni_at_device_index": 0,
            "enable_resource_name_dns_a_record_on_launch": false,
            "enable_resource_name_dns_aaaa_record_on_launch": false,
            "id": "subnet-0e358120c94ad1123",
            "ipv6_cidr_block": "",
            "ipv6_cidr_block_association_id": "",
            "ipv6_native": false,
            "map_customer_owned_ip_on_launch": false,
            "map_public_ip_on_launch": false,
            "outpost_arn": "",
            "owner_id": "730335267178",
            "private_dns_hostname_type_on_launch": "ip-name",
            "tags": {
              "Name": "vpc-0c34b8c554f5c5f55-PrivateSubnet-3"
            },
            "tags_all": {
              "Name": "vpc-0c34b8c554f5c5f55-PrivateSubnet-3"
            },
            "timeouts": null,
            "vpc_id": "vpc-0c34b8c554f5c5f55"
          },
          "sensitive_attributes": [],
          "private": "eyJlMmJmYjczMC1lY2FhLTExZTYtOGY4OC0zNDM2M2JjN2M0YzAiOnsiY3JlYXRlIjo2MDAwMDAwMDAwMDAsImRlbGV0ZSI6MTIwMDAwMDAwMDAwMH0sInNjaGVtYV92ZXJzaW9uIjoiMSJ9",
          "dependencies": [
            "aws_vpc.serverless_vpc",
            "data.aws_availability_zones.available"
          ]
        },
        {
          "index_key": 3,
          "schema_version": 1,
          "attributes": {
            "arn": "arn:aws:ec2:ap-south-1:730335267178:subnet/subnet-0d4832bff51e6109f",
            "assign_ipv6_address_on_creation": false,
            "availability_zone": "ap-south-1a",
            "availability_zone_id": "aps1-az1",
            "cidr_block": "10.0.64.0/20",
            "customer_owned_ipv4_pool": "",
            "enable_dns64": false,
            "enable_lni_at_device_index": 0,
            "enable_resource_name_dns_a_record_on_launch": false,
            "enable_resource_name_dns_aaaa_record_on_launch": false,
            "id": "subnet-0d4832bff51e6109f",
            "ipv6_cidr_block": "",
            "ipv6_cidr_block_association_id": "",
            "ipv6_native": false,
            "map_customer_owned_ip_on_launch": false,
            "map_public_ip_on_launch": false,
            "outpost_arn": "",
            "owner_id": "730335267178",
            "private_dns_hostname_type_on_launch": "ip-name",
            "tags": {
              "Name": "vpc-0c34b8c554f5c5f55-PrivateSubnet-4"
            },
            "tags_all": {
              "Name": "vpc-0c34b8c554f5c5f55-PrivateSubnet-4"
            },
            "timeouts": null,
            "vpc_id": "vpc-0c34b8c554f5c5f55"
          },
          "sensitive_attributes": [],
          "private": "eyJlMmJmYjczMC1lY2FhLTExZTYtOGY4OC0zNDM2M2JjN2M0YzAiOnsiY3JlYXRlIjo2MDAwMDAwMDAwMDAsImRlbGV0ZSI6MTIwMDAwMDAwMDAwMH0sInNjaGVtYV92ZXJzaW9uIjoiMSJ9",
          "dependencies": [
            "aws_vpc.serverless_vpc",
            "data.aws_availability_zones.available"
          ]
        }
      ]
    },
    {
      "mode": "managed",
      "type": "aws_vpc",
      "name": "serverless_vpc",
      "provider": "provider[\"registry.terraform.io/hashicorp/aws\"]",
      "instances": [
        {
          "schema_version": 1,
          "attributes": {
            "arn": "arn:aws:ec2:ap-south-1:730335267178:vpc/vpc-0c34b8c554f5c5f55",
            "assign_generated_ipv6_cidr_block": false,
            "cidr_block": "10.0.0.0/16",
            "default_network_acl_id": "acl-089b43d0a9cf06798",
            "default_route_table_id": "rtb-079896f96bc64f736",
            "default_security_group_id": "sg-031a3be98751cefd8",
            "dhcp_options_id": "dopt-05369e873905ec321",
            "enable_dns_hostnames": true,
            "enable_dns_support": true,
            "enable_network_address_usage_metrics": false,
            "id": "vpc-0c34b8c554f5c5f55",
            "instance_tenancy": "default",
            "ipv4_ipam_pool_id": null,
            "ipv4_netmask_length": null,
            "ipv6_association_id": "",
            "ipv6_cidr_block": "",
            "ipv6_cidr_block_network_border_group": "",
            "ipv6_ipam_pool_id": "",
            "ipv6_netmask_length": 0,
            "main_route_table_id": "rtb-079896f96bc64f736",
            "owner_id": "730335267178",
            "tags": {
              "Name": "starkserverless-vpc"
            },
            "tags_all": {
              "Name": "starkserverless-vpc"
            }
          },
          "sensitive_attributes": [],
          "private": "eyJzY2hlbWFfdmVyc2lvbiI6IjEifQ=="
        }
      ]
    },
    {
      "mode": "managed",
      "type": "aws_vpc_endpoint",
      "name": "s3-endpoint",
      "provider": "provider[\"registry.terraform.io/hashicorp/aws\"]",
      "instances": [
        {
          "schema_version": 0,
          "attributes": {
            "arn": "arn:aws:ec2:ap-south-1:730335267178:vpc-endpoint/vpce-00431068b166b2cd1",
            "auto_accept": null,
            "cidr_blocks": [
              "52.219.156.0/22",
              "52.219.160.0/23",
              "52.219.62.0/23",
              "3.5.212.0/23",
              "3.5.208.0/22",
              "16.12.40.0/23",
              "52.219.64.0/22",
              "16.12.36.0/22"
            ],
            "dns_entry": [],
            "dns_options": [],
            "id": "vpce-00431068b166b2cd1",
            "ip_address_type": "",
            "network_interface_ids": [],
            "owner_id": "730335267178",
            "policy": "{\"Statement\":[{\"Action\":\"*\",\"Effect\":\"Allow\",\"Principal\":\"*\",\"Resource\":\"*\"}],\"Version\":\"2008-10-17\"}",
            "prefix_list_id": "pl-78a54011",
            "private_dns_enabled": false,
            "requester_managed": false,
            "route_table_ids": [
              "rtb-093be0ba5538727aa"
            ],
            "security_group_ids": [],
            "service_name": "com.amazonaws.ap-south-1.s3",
            "state": "available",
            "subnet_configuration": [],
            "subnet_ids": [],
            "tags": {
              "Name": "vpc-0c34b8c554f5c5f55-S3-endpoint"
            },
            "tags_all": {
              "Name": "vpc-0c34b8c554f5c5f55-S3-endpoint"
            },
            "timeouts": null,
            "vpc_endpoint_type": "Gateway",
            "vpc_id": "vpc-0c34b8c554f5c5f55"
          },
          "sensitive_attributes": [],
          "private": "eyJlMmJmYjczMC1lY2FhLTExZTYtOGY4OC0zNDM2M2JjN2M0YzAiOnsiY3JlYXRlIjo2MDAwMDAwMDAwMDAsImRlbGV0ZSI6NjAwMDAwMDAwMDAwLCJ1cGRhdGUiOjYwMDAwMDAwMDAwMH19",
          "dependencies": [
            "aws_route_table.private_route_table",
            "aws_vpc.serverless_vpc"
          ]
        }
      ]
    },
    {
      "mode": "managed",
      "type": "aws_vpc_endpoint",
      "name": "secrets_manager_endpoint",
      "provider": "provider[\"registry.terraform.io/hashicorp/aws\"]",
      "instances": [
        {
          "schema_version": 0,
          "attributes": {
            "arn": "arn:aws:ec2:ap-south-1:730335267178:vpc-endpoint/vpce-0c51d8289e249efd5",
            "auto_accept": null,
            "cidr_blocks": [],
            "dns_entry": [
              {
                "dns_name": "vpce-0c51d8289e249efd5-f9a5sbfj.secretsmanager.ap-south-1.vpce.amazonaws.com",
                "hosted_zone_id": "Z2KVTB3ZLFM7JR"
              },
              {
                "dns_name": "vpce-0c51d8289e249efd5-f9a5sbfj-ap-south-1c.secretsmanager.ap-south-1.vpce.amazonaws.com",
                "hosted_zone_id": "Z2KVTB3ZLFM7JR"
              },
              {
                "dns_name": "vpce-0c51d8289e249efd5-f9a5sbfj-ap-south-1a.secretsmanager.ap-south-1.vpce.amazonaws.com",
                "hosted_zone_id": "Z2KVTB3ZLFM7JR"
              },
              {
                "dns_name": "vpce-0c51d8289e249efd5-f9a5sbfj-ap-south-1b.secretsmanager.ap-south-1.vpce.amazonaws.com",
                "hosted_zone_id": "Z2KVTB3ZLFM7JR"
              },
              {
                "dns_name": "secretsmanager.ap-south-1.amazonaws.com",
                "hosted_zone_id": "Z05470223NUQCSON7KELC"
              }
            ],
            "dns_options": [
              {
                "dns_record_ip_type": "ipv4",
                "private_dns_only_for_inbound_resolver_endpoint": false
              }
            ],
            "id": "vpce-0c51d8289e249efd5",
            "ip_address_type": "ipv4",
            "network_interface_ids": [
              "eni-0092c8c74fe48c8e7",
              "eni-065ce85480dc1f03c",
              "eni-06aa7ac7caedd4dfe"
            ],
            "owner_id": "730335267178",
            "policy": "{\"Statement\":[{\"Action\":\"*\",\"Effect\":\"Allow\",\"Principal\":\"*\",\"Resource\":\"*\"}]}",
            "prefix_list_id": null,
            "private_dns_enabled": true,
            "requester_managed": false,
            "route_table_ids": [],
            "security_group_ids": [
              "sg-03976922243ee6cdd"
            ],
            "service_name": "com.amazonaws.ap-south-1.secretsmanager",
            "state": "available",
            "subnet_configuration": [
              {
                "ipv4": "10.0.26.52",
                "ipv6": "",
                "subnet_id": "subnet-0e16a6762210ca4cc"
              },
              {
                "ipv4": "10.0.42.104",
                "ipv6": "",
                "subnet_id": "subnet-04d8f4f8ba424ab02"
              },
              {
                "ipv4": "10.0.53.116",
                "ipv6": "",
                "subnet_id": "subnet-0e358120c94ad1123"
              }
            ],
            "subnet_ids": [
              "subnet-04d8f4f8ba424ab02",
              "subnet-0e16a6762210ca4cc",
              "subnet-0e358120c94ad1123"
            ],
            "tags": {
              "Name": "vpc-0c34b8c554f5c5f55-SecretsManager-endpoint"
            },
            "tags_all": {
              "Name": "vpc-0c34b8c554f5c5f55-SecretsManager-endpoint"
            },
            "timeouts": null,
            "vpc_endpoint_type": "Interface",
            "vpc_id": "vpc-0c34b8c554f5c5f55"
          },
          "sensitive_attributes": [],
          "private": "eyJlMmJmYjczMC1lY2FhLTExZTYtOGY4OC0zNDM2M2JjN2M0YzAiOnsiY3JlYXRlIjo2MDAwMDAwMDAwMDAsImRlbGV0ZSI6NjAwMDAwMDAwMDAwLCJ1cGRhdGUiOjYwMDAwMDAwMDAwMH19",
          "dependencies": [
            "aws_security_group.lambda_sg",
            "aws_security_group.secrets_manager_sg",
            "aws_subnet.private-subnets",
            "aws_vpc.serverless_vpc",
            "data.aws_availability_zones.available"
          ]
        }
      ]
    }
  ],
  "check_results": null
}
